{
  "version": "3",
  "packages": {
    "specifiers": {
      "jsr:@std/assert@^1.0.1": "jsr:@std/assert@1.0.1",
      "jsr:@std/expect@^1.0.0": "jsr:@std/expect@1.0.0",
      "jsr:@std/internal@^1.0.1": "jsr:@std/internal@1.0.1",
      "jsr:@std/testing@^1.0.0": "jsr:@std/testing@1.0.0"
    },
    "jsr": {
      "@std/assert@1.0.1": {
        "integrity": "13590ef8e5854f59e4ad252fd987e83239a1bf1f16cb9c69c1d123ebb807a75b",
        "dependencies": [
          "jsr:@std/internal@^1.0.1"
        ]
      },
      "@std/expect@1.0.0": {
        "integrity": "030275683c23d6708878c5439a3ffd99285948d708e00835fd38fcef9a0bb921",
        "dependencies": [
          "jsr:@std/assert@^1.0.1",
          "jsr:@std/internal@^1.0.1"
        ]
      },
      "@std/internal@1.0.1": {
        "integrity": "6f8c7544d06a11dd256c8d6ba54b11ed870aac6c5aeafff499892662c57673e6"
      },
      "@std/testing@1.0.0": {
        "integrity": "27cfc06392c69c2acffe54e6d0bcb5f961cf193f519255372bd4fff1481bfef8"
      }
    }
  },
  "remote": {},
  "workspace": {
    "dependencies": [
      "jsr:@std/expect@^1.0.0",
      "jsr:@std/testing@^1.0.0"
    ]
  }
}
